
Microsoft Visual Studio Solution File, Format Version 12.00
# Visual Studio 15
VisualStudioVersion = 15.0.27428.2005
MinimumVisualStudioVersion = 10.0.40219.1
Project("{FAE04EC0-301F-11D3-BF4B-00C04F79EFBC}") = "SdxHarness", "SdxHarness\SdxHarness.csproj", "{B4491AB0-049D-47FF-9F6D-DD07189AB5FA}"
EndProject
Project("{9A19103F-16F7-4668-BE54-9A1E7A4F7556}") = "SdxVisio", "..\SdxVisio\SdxVisio.csproj", "{82027C6D-CF56-4D2E-A6D0-186BA86497CD}"
EndProject
Project("{9A19103F-16F7-4668-BE54-9A1E7A4F7556}") = "SdxExcel", "..\SdxExcel\SdxExcel.csproj", "{C8D93E6E-A288-413C-B580-28401D73AE15}"
EndProject
Project("{FAE04EC0-301F-11D3-BF4B-00C04F79EFBC}") = "SdxHelpers", "..\SdxHelpers\SdxHelpers.csproj", "{4E685339-AC1A-4BAC-B547-92D3A07C6C1A}"
EndProject
Global
	GlobalSection(SubversionScc) = preSolution
		Svn-Managed = True
		Manager = AnkhSVN - Subversion Support for Visual Studio
	EndGlobalSection
	GlobalSection(SolutionConfigurationPlatforms) = preSolution
		Debug|Any CPU = Debug|Any CPU
		Release|Any CPU = Release|Any CPU
	EndGlobalSection
	GlobalSection(ProjectConfigurationPlatforms) = postSolution
		{B4491AB0-049D-47FF-9F6D-DD07189AB5FA}.Debug|Any CPU.ActiveCfg = Debug|Any CPU
		{B4491AB0-049D-47FF-9F6D-DD07189AB5FA}.Debug|Any CPU.Build.0 = Debug|Any CPU
		{B4491AB0-049D-47FF-9F6D-DD07189AB5FA}.Release|Any CPU.ActiveCfg = Release|Any CPU
		{B4491AB0-049D-47FF-9F6D-DD07189AB5FA}.Release|Any CPU.Build.0 = Release|Any CPU
		{82027C6D-CF56-4D2E-A6D0-186BA86497CD}.Debug|Any CPU.ActiveCfg = Debug|Any CPU
		{82027C6D-CF56-4D2E-A6D0-186BA86497CD}.Debug|Any CPU.Build.0 = Debug|Any CPU
		{82027C6D-CF56-4D2E-A6D0-186BA86497CD}.Release|Any CPU.ActiveCfg = Release|Any CPU
		{82027C6D-CF56-4D2E-A6D0-186BA86497CD}.Release|Any CPU.Build.0 = Release|Any CPU
		{C8D93E6E-A288-413C-B580-28401D73AE15}.Debug|Any CPU.ActiveCfg = Debug|Any CPU
		{C8D93E6E-A288-413C-B580-28401D73AE15}.Debug|Any CPU.Build.0 = Debug|Any CPU
		{C8D93E6E-A288-413C-B580-28401D73AE15}.Release|Any CPU.ActiveCfg = Release|Any CPU
		{C8D93E6E-A288-413C-B580-28401D73AE15}.Release|Any CPU.Build.0 = Release|Any CPU
		{4E685339-AC1A-4BAC-B547-92D3A07C6C1A}.Debug|Any CPU.ActiveCfg = Debug|Any CPU
		{4E685339-AC1A-4BAC-B547-92D3A07C6C1A}.Debug|Any CPU.Build.0 = Debug|Any CPU
		{4E685339-AC1A-4BAC-B547-92D3A07C6C1A}.Release|Any CPU.ActiveCfg = Release|Any CPU
		{4E685339-AC1A-4BAC-B547-92D3A07C6C1A}.Release|Any CPU.Build.0 = Release|Any CPU
	EndGlobalSection
	GlobalSection(SolutionProperties) = preSolution
		HideSolutionNode = FALSE
	EndGlobalSection
	GlobalSection(ExtensibilityGlobals) = postSolution
		SolutionGuid = {EF4D956B-9C87-493F-8B77-FE480DD6E704}
	EndGlobalSection
EndGlobal
